
Microsoft Visual Studio Solution File, Format Version 12.00
# Visual Studio Version 16
VisualStudioVersion = 16.0.30320.27
MinimumVisualStudioVersion = 10.0.40219.1
Project("{9A19103F-16F7-4668-BE54-9A1E7A4F7556}") = "LabyrinthExplorer", "LabyrinthExplorer.csproj", "{212E4607-C179-4896-86D4-9D1F4D1F5DC4}"
EndProject
Global
	GlobalSection(SolutionConfigurationPlatforms) = preSolution
		Debug|Any CPU = Debug|Any CPU
		Release|Any CPU = Release|Any CPU
	EndGlobalSection
	GlobalSection(ProjectConfigurationPlatforms) = postSolution
		{212E4607-C179-4896-86D4-9D1F4D1F5DC4}.Debug|Any CPU.ActiveCfg = Debug|Any CPU
		{212E4607-C179-4896-86D4-9D1F4D1F5DC4}.Debug|Any CPU.Build.0 = Debug|Any CPU
		{212E4607-C179-4896-86D4-9D1F4D1F5DC4}.Release|Any CPU.ActiveCfg = Release|Any CPU
		{212E4607-C179-4896-86D4-9D1F4D1F5DC4}.Release|Any CPU.Build.0 = Release|Any CPU
	EndGlobalSection
	GlobalSection(SolutionProperties) = preSolution
		HideSolutionNode = FALSE
	EndGlobalSection
	GlobalSection(ExtensibilityGlobals) = postSolution
		SolutionGuid = {85E057C0-1346-4B41-AAA2-26044BEF21F3}
	EndGlobalSection
EndGlobal
